
Microsoft Visual Studio Solution File, Format Version 12.00
# Visual Studio Version 17
VisualStudioVersion = 17.14.36310.24
MinimumVisualStudioVersion = 10.0.40219.1
Project("{F184B08F-C81C-45F6-A57F-5ABD9991F28F}") = "WindowsApp1", "WindowsApp1\WindowsApp1.vbproj", "{DA56362F-49D4-4539-AC6F-CC1819438D4C}"
EndProject
Project("{9A19103F-16F7-4668-BE54-9A1E7A4F7556}") = "ConsoleCAN", "..\ConsoleCAN\ConsoleCAN.csproj", "{002FE826-2506-4F0B-8FE1-DFB3E6627896}"
EndProject
Global
	GlobalSection(SolutionConfigurationPlatforms) = preSolution
		Debug|Any CPU = Debug|Any CPU
		Debug|x86 = Debug|x86
		Release|Any CPU = Release|Any CPU
		Release|x86 = Release|x86
	EndGlobalSection
	GlobalSection(ProjectConfigurationPlatforms) = postSolution
		{DA56362F-49D4-4539-AC6F-CC1819438D4C}.Debug|Any CPU.ActiveCfg = Debug|Any CPU
		{DA56362F-49D4-4539-AC6F-CC1819438D4C}.Debug|Any CPU.Build.0 = Debug|Any CPU
		{DA56362F-49D4-4539-AC6F-CC1819438D4C}.Debug|x86.ActiveCfg = Debug|x86
		{DA56362F-49D4-4539-AC6F-CC1819438D4C}.Debug|x86.Build.0 = Debug|x86
		{DA56362F-49D4-4539-AC6F-CC1819438D4C}.Release|Any CPU.ActiveCfg = Release|Any CPU
		{DA56362F-49D4-4539-AC6F-CC1819438D4C}.Release|Any CPU.Build.0 = Release|Any CPU
		{DA56362F-49D4-4539-AC6F-CC1819438D4C}.Release|x86.ActiveCfg = Release|x86
		{DA56362F-49D4-4539-AC6F-CC1819438D4C}.Release|x86.Build.0 = Release|x86
		{002FE826-2506-4F0B-8FE1-DFB3E6627896}.Debug|Any CPU.ActiveCfg = Debug|Any CPU
		{002FE826-2506-4F0B-8FE1-DFB3E6627896}.Debug|Any CPU.Build.0 = Debug|Any CPU
		{002FE826-2506-4F0B-8FE1-DFB3E6627896}.Debug|x86.ActiveCfg = Debug|Any CPU
		{002FE826-2506-4F0B-8FE1-DFB3E6627896}.Debug|x86.Build.0 = Debug|Any CPU
		{002FE826-2506-4F0B-8FE1-DFB3E6627896}.Release|Any CPU.ActiveCfg = Release|Any CPU
		{002FE826-2506-4F0B-8FE1-DFB3E6627896}.Release|Any CPU.Build.0 = Release|Any CPU
		{002FE826-2506-4F0B-8FE1-DFB3E6627896}.Release|x86.ActiveCfg = Release|Any CPU
		{002FE826-2506-4F0B-8FE1-DFB3E6627896}.Release|x86.Build.0 = Release|Any CPU
	EndGlobalSection
	GlobalSection(SolutionProperties) = preSolution
		HideSolutionNode = FALSE
	EndGlobalSection
	GlobalSection(ExtensibilityGlobals) = postSolution
		SolutionGuid = {5B93582B-336B-45E5-9C5D-B5E9B1FFCD52}
	EndGlobalSection
EndGlobal
